
Microsoft Visual Studio Solution File, Format Version 12.00
# Visual Studio Version 17
VisualStudioVersion = 17.14.36301.6 d17.14
MinimumVisualStudioVersion = 10.0.40219.1
Project("{FAE04EC0-301F-11D3-BF4B-00C04F79EFBC}") = "OBSERVO", "OBSERVO\OBSERVO.csproj", "{4FFC3D58-40FF-44DE-BB67-23D3CFAF49B6}"
EndProject
Global
	GlobalSection(SolutionConfigurationPlatforms) = preSolution
		Debug|Any CPU = Debug|Any CPU
		Release|Any CPU = Release|Any CPU
	EndGlobalSection
	GlobalSection(ProjectConfigurationPlatforms) = postSolution
		{4FFC3D58-40FF-44DE-BB67-23D3CFAF49B6}.Debug|Any CPU.ActiveCfg = Debug|Any CPU
		{4FFC3D58-40FF-44DE-BB67-23D3CFAF49B6}.Debug|Any CPU.Build.0 = Debug|Any CPU
		{4FFC3D58-40FF-44DE-BB67-23D3CFAF49B6}.Release|Any CPU.ActiveCfg = Release|Any CPU
		{4FFC3D58-40FF-44DE-BB67-23D3CFAF49B6}.Release|Any CPU.Build.0 = Release|Any CPU
	EndGlobalSection
	GlobalSection(SolutionProperties) = preSolution
		HideSolutionNode = FALSE
	EndGlobalSection
	GlobalSection(ExtensibilityGlobals) = postSolution
		SolutionGuid = {BDC7099E-713E-4A16-A895-BD1FA5CDA6FA}
	EndGlobalSection
EndGlobal
